
Microsoft Visual Studio Solution File, Format Version 12.00
# Visual Studio Version 17
VisualStudioVersion = 17.13.35913.81 d17.13
MinimumVisualStudioVersion = 10.0.40219.1
Project("{FAE04EC0-301F-11D3-BF4B-00C04F79EFBC}") = "ScrapperConsole", "ScrapperConsole.csproj", "{240096D6-C19A-4187-ADAE-D69FEB83F08E}"
EndProject
Global
	GlobalSection(SolutionConfigurationPlatforms) = preSolution
		Debug|Any CPU = Debug|Any CPU
		Release|Any CPU = Release|Any CPU
	EndGlobalSection
	GlobalSection(ProjectConfigurationPlatforms) = postSolution
		{240096D6-C19A-4187-ADAE-D69FEB83F08E}.Debug|Any CPU.ActiveCfg = Debug|Any CPU
		{240096D6-C19A-4187-ADAE-D69FEB83F08E}.Debug|Any CPU.Build.0 = Debug|Any CPU
		{240096D6-C19A-4187-ADAE-D69FEB83F08E}.Release|Any CPU.ActiveCfg = Release|Any CPU
		{240096D6-C19A-4187-ADAE-D69FEB83F08E}.Release|Any CPU.Build.0 = Release|Any CPU
	EndGlobalSection
	GlobalSection(SolutionProperties) = preSolution
		HideSolutionNode = FALSE
	EndGlobalSection
	GlobalSection(ExtensibilityGlobals) = postSolution
		SolutionGuid = {06743A6B-C542-4F8D-922F-AEF46FA8BA52}
	EndGlobalSection
EndGlobal
